github.com/dave/jennifer v1.7.0 h1:uRbSBH9UTS64yXbh4FrMHfgfY762RD+C7bUPKODpSJE=
github.com/dave/jennifer v1.7.0/go.mod h1:nXbxhEmQfOZhWml3D1cDK5M1FLnMSozpbFN/m3RmGZc=
github.com/ebitengine/purego v0.10.0 h1:QIw4xfpWT6GWTzaW5XEKy3HXoqrJGx1ijYHzTF0/ISU=
github.com/ebitengine/purego v0.10.0/go.mod h1:iIjxzd6CiRiOG0UyXP+V1+jWqUXVjPKLAI0mRfJZTmQ=
github.com/go-gl/mathgl v1.2.0 h1:v2eOj/y1B2afDxF6URV1qCYmo1KW08lAMtTbOn3KXCY=
github.com/go-gl/mathgl v1.2.0/go.mod h1:pf9+b5J3LFP7iZ4XXaVzZrCle0Q/vNpB/vDe5+3ulRE=
github.com/lucasb-eyer/go-colorful v1.2.0 h1:1nnpGOrhyZZuNyfu1QjKiUICQ74+3FNCN69Aj6K7nkY=
github.com/lucasb-eyer/go-colorful v1.2.0/go.mod h1:R4dSotOR9KMtayYi1e77YzuveK+i7ruzyGqttikkLy0=
github.com/mdouchement/hdr v0.2.4 h1:k0ojx7smWvWw8En2BjUnb144j48gAExu5mv+ogNrkTc=
github.com/mdouchement/hdr v0.2.4/go.mod h1:uezK2oUhYtoRLkTD0J4ryiOsu/oWLjRXx0I/92mIRmQ=
golang.org/x/image v0.38.0 h1:5l+q+Y9JDC7mBOMjo4/aPhMDcxEptsX+Tt3GgRQRPuE=
golang.org/x/image v0.38.0/go.mod h1:/3f6vaXC+6CEanU4KJxbcUZyEePbyKbaLoDOe4ehFYY=
golang.org/x/sys v0.7.0 h1:3jlCCIQZPdOYu1h8BkNvLz8Kgwtae2cagcG/VamtZRU=
golang.org/x/sys v0.7.0/go.mod h1:oPkhp1MJrh7nUepCBck5+mAzfO9JrbApNNgaTdGDITg=
